// !$*UTF8*$!
{
	archiveVersion = 1;
	classes = {
	};
	objectVersion = 50;
	objects = {

/* Begin PBXBuildFile section */
		37DA674626BAA26F00EDB092 /* AppDelegate.swift in Sources */ = {isa = PBXBuildFile; fileRef = 37DA674526BAA26F00EDB092 /* AppDelegate.swift */; };
		37DA674826BAA26F00EDB092 /* SceneDelegate.swift in Sources */ = {isa = PBXBuildFile; fileRef = 37DA674726BAA26F00EDB092 /* SceneDelegate.swift */; };
		37DA674A26BAA26F00EDB092 /* TodoListViewController.swift in Sources */ = {isa = PBXBuildFile; fileRef = 37DA674926BAA26F00EDB092 /* TodoListViewController.swift */; };
		37DA674D26BAA26F00EDB092 /* Main.storyboard in Resources */ = {isa = PBXBuildFile; fileRef = 37DA674B26BAA26F00EDB092 /* Main.storyboard */; };
		37DA674F26BAA27100EDB092 /* Assets.xcassets in Resources */ = {isa = PBXBuildFile; fileRef = 37DA674E26BAA27100EDB092 /* Assets.xcassets */; };
		37DA675226BAA27100EDB092 /* LaunchScreen.storyboard in Resources */ = {isa = PBXBuildFile; fileRef = 37DA675026BAA27100EDB092 /* LaunchScreen.storyboard */; };
		37DA675D26BAA27200EDB092 /* TodoeyTests.swift in Sources */ = {isa = PBXBuildFile; fileRef = 37DA675C26BAA27200EDB092 /* TodoeyTests.swift */; };
		37DA676826BAA27200EDB092 /* TodoeyUITests.swift in Sources */ = {isa = PBXBuildFile; fileRef = 37DA676726BAA27200EDB092 /* TodoeyUITests.swift */; };
		37F1BA0F26C4F4B400A82945 /* DataModel.xcdatamodeld in Sources */ = {isa = PBXBuildFile; fileRef = 37F1BA0D26C4F4B400A82945 /* DataModel.xcdatamodeld */; };
/* End PBXBuildFile section */

/* Begin PBXContainerItemProxy section */
		37DA675926BAA27200EDB092 /* PBXContainerItemProxy */ = {
			isa = PBXContainerItemProxy;
			containerPortal = 37DA673A26BAA26F00EDB092 /* Project object */;
			proxyType = 1;
			remoteGlobalIDString = 37DA674126BAA26F00EDB092;
			remoteInfo = Todoey;
		};
		37DA676426BAA27200EDB092 /* PBXContainerItemProxy */ = {
			isa = PBXContainerItemProxy;
			containerPortal = 37DA673A26BAA26F00EDB092 /* Project object */;
			proxyType = 1;
			remoteGlobalIDString = 37DA674126BAA26F00EDB092;
			remoteInfo = Todoey;
		};
/* End PBXContainerItemProxy section */

/* Begin PBXFileReference section */
		37DA674226BAA26F00EDB092 /* Todoey.app */ = {isa = PBXFileReference; explicitFileType = wrapper.application; includeInIndex = 0; path = Todoey.app; sourceTree = BUILT_PRODUCTS_DIR; };
		37DA674526BAA26F00EDB092 /* AppDelegate.swift */ = {isa = PBXFileReference; lastKnownFileType = sourcecode.swift; path = AppDelegate.swift; sourceTree = "<group>"; };
		37DA674726BAA26F00EDB092 /* SceneDelegate.swift */ = {isa = PBXFileReference; lastKnownFileType = sourcecode.swift; path = SceneDelegate.swift; sourceTree = "<group>"; };
		37DA674926BAA26F00EDB092 /* TodoListViewController.swift */ = {isa = PBXFileReference; lastKnownFileType = sourcecode.swift; path = TodoListViewController.swift; sourceTree = "<group>"; };
		37DA674C26BAA26F00EDB092 /* Base */ = {isa = PBXFileReference; lastKnownFileType = file.storyboard; name = Base; path = Base.lproj/Main.storyboard; sourceTree = "<group>"; };
		37DA674E26BAA27100EDB092 /* Assets.xcassets */ = {isa = PBXFileReference; lastKnownFileType = folder.assetcatalog; path = Assets.xcassets; sourceTree = "<group>"; };
		37DA675126BAA27100EDB092 /* Base */ = {isa = PBXFileReference; lastKnownFileType = file.storyboard; name = Base; path = Base.lproj/LaunchScreen.storyboard; sourceTree = "<group>"; };
		37DA675326BAA27100EDB092 /* Info.plist */ = {isa = PBXFileReference; lastKnownFileType = text.plist.xml; path = Info.plist; sourceTree = "<group>"; };
		37DA675826BAA27200EDB092 /* TodoeyTests.xctest */ = {isa = PBXFileReference; explicitFileType = wrapper.cfbundle; includeInIndex = 0; path = TodoeyTests.xctest; sourceTree = BUILT_PRODUCTS_DIR; };
		37DA675C26BAA27200EDB092 /* TodoeyTests.swift */ = {isa = PBXFileReference; lastKnownFileType = sourcecode.swift; path = TodoeyTests.swift; sourceTree = "<group>"; };
		37DA675E26BAA27200EDB092 /* Info.plist */ = {isa = PBXFileReference; lastKnownFileType = text.plist.xml; path = Info.plist; sourceTree = "<group>"; };
		37DA676326BAA27200EDB092 /* TodoeyUITests.xctest */ = {isa = PBXFileReference; explicitFileType = wrapper.cfbundle; includeInIndex = 0; path = TodoeyUITests.xctest; sourceTree = BUILT_PRODUCTS_DIR; };
		37DA676726BAA27200EDB092 /* TodoeyUITests.swift */ = {isa = PBXFileReference; lastKnownFileType = sourcecode.swift; path = TodoeyUITests.swift; sourceTree = "<group>"; };
		37DA676926BAA27200EDB092 /* Info.plist */ = {isa = PBXFileReference; lastKnownFileType = text.plist.xml; path = Info.plist; sourceTree = "<group>"; };
		37F1BA0E26C4F4B400A82945 /* DataModel.xcdatamodel */ = {isa = PBXFileReference; lastKnownFileType = wrapper.xcdatamodel; path = DataModel.xcdatamodel; sourceTree = "<group>"; };
/* End PBXFileReference section */

/* Begin PBXFrameworksBuildPhase section */
		37DA673F26BAA26F00EDB092 /* Frameworks */ = {
			isa = PBXFrameworksBuildPhase;
			buildActionMask = 2147483647;
			files = (
			);
			runOnlyForDeploymentPostprocessing = 0;
		};
		37DA675526BAA27200EDB092 /* Frameworks */ = {
			isa = PBXFrameworksBuildPhase;
			buildActionMask = 2147483647;
			files = (
			);
			runOnlyForDeploymentPostprocessing = 0;
		};
		37DA676026BAA27200EDB092 /* Frameworks */ = {
			isa = PBXFrameworksBuildPhase;
			buildActionMask = 2147483647;
			files = (
			);
			runOnlyForDeploymentPostprocessing = 0;
		};
/* End PBXFrameworksBuildPhase section */

/* Begin PBXGroup section */
		37DA673926BAA26F00EDB092 = {
			isa = PBXGroup;
			children = (
				37DA674426BAA26F00EDB092 /* Todoey */,
				37DA675B26BAA27200EDB092 /* TodoeyTests */,
				37DA676626BAA27200EDB092 /* TodoeyUITests */,
				37DA674326BAA26F00EDB092 /* Products */,
			);
			sourceTree = "<group>";
		};
		37DA674326BAA26F00EDB092 /* Products */ = {
			isa = PBXGroup;
			children = (
				37DA674226BAA26F00EDB092 /* Todoey.app */,
				37DA675826BAA27200EDB092 /* TodoeyTests.xctest */,
				37DA676326BAA27200EDB092 /* TodoeyUITests.xctest */,
			);
			name = Products;
			sourceTree = "<group>";
		};
		37DA674426BAA26F00EDB092 /* Todoey */ = {
			isa = PBXGroup;
			children = (
				37DA674526BAA26F00EDB092 /* AppDelegate.swift */,
				37DA674726BAA26F00EDB092 /* SceneDelegate.swift */,
				37DA677926BAE09100EDB092 /* Controllers */,
				37DA677826BAE08600EDB092 /* Views */,
				37DA677A26BAE0A500EDB092 /* Supporting Files */,
				37DA675326BAA27100EDB092 /* Info.plist */,
				37DA677726BAE06300EDB092 /* Data Model */,
			);
			path = Todoey;
			sourceTree = "<group>";
		};
		37DA675B26BAA27200EDB092 /* TodoeyTests */ = {
			isa = PBXGroup;
			children = (
				37DA675C26BAA27200EDB092 /* TodoeyTests.swift */,
				37DA675E26BAA27200EDB092 /* Info.plist */,
			);
			path = TodoeyTests;
			sourceTree = "<group>";
		};
		37DA676626BAA27200EDB092 /* TodoeyUITests */ = {
			isa = PBXGroup;
			children = (
				37DA676726BAA27200EDB092 /* TodoeyUITests.swift */,
				37DA676926BAA27200EDB092 /* Info.plist */,
			);
			path = TodoeyUITests;
			sourceTree = "<group>";
		};
		37DA677726BAE06300EDB092 /* Data Model */ = {
			isa = PBXGroup;
			children = (
				37F1BA0D26C4F4B400A82945 /* DataModel.xcdatamodeld */,
			);
			path = "Data Model";
			sourceTree = "<group>";
		};
		37DA677826BAE08600EDB092 /* Views */ = {
			isa = PBXGroup;
			children = (
				37DA674B26BAA26F00EDB092 /* Main.storyboard */,
			);
			path = Views;
			sourceTree = "<group>";
		};
		37DA677926BAE09100EDB092 /* Controllers */ = {
			isa = PBXGroup;
			children = (
				37DA674926BAA26F00EDB092 /* TodoListViewController.swift */,
			);
			path = Controllers;
			sourceTree = "<group>";
		};
		37DA677A26BAE0A500EDB092 /* Supporting Files */ = {
			isa = PBXGroup;
			children = (
				37DA674E26BAA27100EDB092 /* Assets.xcassets */,
				37DA675026BAA27100EDB092 /* LaunchScreen.storyboard */,
			);
			path = "Supporting Files";
			sourceTree = "<group>";
		};
/* End PBXGroup section */

/* Begin PBXNativeTarget section */
		37DA674126BAA26F00EDB092 /* Todoey */ = {
			isa = PBXNativeTarget;
			buildConfigurationList = 37DA676C26BAA27200EDB092 /* Build configuration list for PBXNativeTarget "Todoey" */;
			buildPhases = (
				37DA673E26BAA26F00EDB092 /* Sources */,
				37DA673F26BAA26F00EDB092 /* Frameworks */,
				37DA674026BAA26F00EDB092 /* Resources */,
			);
			buildRules = (
			);
			dependencies = (
			);
			name = Todoey;
			productName = Todoey;
			productReference = 37DA674226BAA26F00EDB092 /* Todoey.app */;
			productType = "com.apple.product-type.application";
		};
		37DA675726BAA27200EDB092 /* TodoeyTests */ = {
			isa = PBXNativeTarget;
			buildConfigurationList = 37DA676F26BAA27200EDB092 /* Build configuration list for PBXNativeTarget "TodoeyTests" */;
			buildPhases = (
				37DA675426BAA27200EDB092 /* Sources */,
				37DA675526BAA27200EDB092 /* Frameworks */,
				37DA675626BAA27200EDB092 /* Resources */,
			);
			buildRules = (
			);
			dependencies = (
				37DA675A26BAA27200EDB092 /* PBXTargetDependency */,
			);
			name = TodoeyTests;
			productName = TodoeyTests;
			productReference = 37DA675826BAA27200EDB092 /* TodoeyTests.xctest */;
			productType = "com.apple.product-type.bundle.unit-test";
		};
		37DA676226BAA27200EDB092 /* TodoeyUITests */ = {
			isa = PBXNativeTarget;
			buildConfigurationList = 37DA677226BAA27200EDB092 /* Build configuration list for PBXNativeTarget "TodoeyUITests" */;
			buildPhases = (
				37DA675F26BAA27200EDB092 /* Sources */,
				37DA676026BAA27200EDB092 /* Frameworks */,
				37DA676126BAA27200EDB092 /* Resources */,
			);
			buildRules = (
			);
			dependencies = (
				37DA676526BAA27200EDB092 /* PBXTargetDependency */,
			);
			name = TodoeyUITests;
			productName = TodoeyUITests;
			productReference = 37DA676326BAA27200EDB092 /* TodoeyUITests.xctest */;
			productType = "com.apple.product-type.bundle.ui-testing";
		};
/* End PBXNativeTarget section */

/* Begin PBXProject section */
		37DA673A26BAA26F00EDB092 /* Project object */ = {
			isa = PBXProject;
			attributes = {
				LastSwiftUpdateCheck = 1250;
				LastUpgradeCheck = 1250;
				TargetAttributes = {
					37DA674126BAA26F00EDB092 = {
						CreatedOnToolsVersion = 12.5.1;
					};
					37DA675726BAA27200EDB092 = {
						CreatedOnToolsVersion = 12.5.1;
						TestTargetID = 37DA674126BAA26F00EDB092;
					};
					37DA676226BAA27200EDB092 = {
						CreatedOnToolsVersion = 12.5.1;
						TestTargetID = 37DA674126BAA26F00EDB092;
					};
				};
			};
			buildConfigurationList = 37DA673D26BAA26F00EDB092 /* Build configuration list for PBXProject "Todoey" */;
			compatibilityVersion = "Xcode 9.3";
			developmentRegion = en;
			hasScannedForEncodings = 0;
			knownRegions = (
				en,
				Base,
			);
			mainGroup = 37DA673926BAA26F00EDB092;
			productRefGroup = 37DA674326BAA26F00EDB092 /* Products */;
			projectDirPath = "";
			projectRoot = "";
			targets = (
				37DA674126BAA26F00EDB092 /* Todoey */,
				37DA675726BAA27200EDB092 /* TodoeyTests */,
				37DA676226BAA27200EDB092 /* TodoeyUITests */,
			);
		};
/* End PBXProject section */

/* Begin PBXResourcesBuildPhase section */
		37DA674026BAA26F00EDB092 /* Resources */ = {
			isa = PBXResourcesBuildPhase;
			buildActionMask = 2147483647;
			files = (
				37DA675226BAA27100EDB092 /* LaunchScreen.storyboard in Resources */,
				37DA674F26BAA27100EDB092 /* Assets.xcassets in Resources */,
				37DA674D26BAA26F00EDB092 /* Main.storyboard in Resources */,
			);
			runOnlyForDeploymentPostprocessing = 0;
		};
		37DA675626BAA27200EDB092 /* Resources */ = {
			isa = PBXResourcesBuildPhase;
			buildActionMask = 2147483647;
			files = (
			);
			runOnlyForDeploymentPostprocessing = 0;
		};
		37DA676126BAA27200EDB092 /* Resources */ = {
			isa = PBXResourcesBuildPhase;
			buildActionMask = 2147483647;
			files = (
			);
			runOnlyForDeploymentPostprocessing = 0;
		};
/* End PBXResourcesBuildPhase section */

/* Begin PBXSourcesBuildPhase section */
		37DA673E26BAA26F00EDB092 /* Sources */ = {
			isa = PBXSourcesBuildPhase;
			buildActionMask = 2147483647;
			files = (
				37F1BA0F26C4F4B400A82945 /* DataModel.xcdatamodeld in Sources */,
				37DA674A26BAA26F00EDB092 /* TodoListViewController.swift in Sources */,
				37DA674626BAA26F00EDB092 /* AppDelegate.swift in Sources */,
				37DA674826BAA26F00EDB092 /* SceneDelegate.swift in Sources */,
			);
			runOnlyForDeploymentPostprocessing = 0;
		};
		37DA675426BAA27200EDB092 /* Sources */ = {
			isa = PBXSourcesBuildPhase;
			buildActionMask = 2147483647;
			files = (
				37DA675D26BAA27200EDB092 /* TodoeyTests.swift in Sources */,
			);
			runOnlyForDeploymentPostprocessing = 0;
		};
		37DA675F26BAA27200EDB092 /* Sources */ = {
			isa = PBXSourcesBuildPhase;
			buildActionMask = 2147483647;
			files = (
				37DA676826BAA27200EDB092 /* TodoeyUITests.swift in Sources */,
			);
			runOnlyForDeploymentPostprocessing = 0;
		};
/* End PBXSourcesBuildPhase section */

/* Begin PBXTargetDependency section */
		37DA675A26BAA27200EDB092 /* PBXTargetDependency */ = {
			isa = PBXTargetDependency;
			target = 37DA674126BAA26F00EDB092 /* Todoey */;
			targetProxy = 37DA675926BAA27200EDB092 /* PBXContainerItemProxy */;
		};
		37DA676526BAA27200EDB092 /* PBXTargetDependency */ = {
			isa = PBXTargetDependency;
			target = 37DA674126BAA26F00EDB092 /* Todoey */;
			targetProxy = 37DA676426BAA27200EDB092 /* PBXContainerItemProxy */;
		};
/* End PBXTargetDependency section */

/* Begin PBXVariantGroup section */
		37DA674B26BAA26F00EDB092 /* Main.storyboard */ = {
			isa = PBXVariantGroup;
			children = (
				37DA674C26BAA26F00EDB092 /* Base */,
			);
			name = Main.storyboard;
			sourceTree = "<group>";
		};
		37DA675026BAA27100EDB092 /* LaunchScreen.storyboard */ = {
			isa = PBXVariantGroup;
			children = (
				37DA675126BAA27100EDB092 /* Base */,
			);
			name = LaunchScreen.storyboard;
			sourceTree = "<group>";
		};
/* End PBXVariantGroup section */

/* Begin XCBuildConfiguration section */
		37DA676A26BAA27200EDB092 /* Debug */ = {
			isa = XCBuildConfiguration;
			buildSettings = {
				ALWAYS_SEARCH_USER_PATHS = NO;
				CLANG_ANALYZER_NONNULL = YES;
				CLANG_ANALYZER_NUMBER_OBJECT_CONVERSION = YES_AGGRESSIVE;
				CLANG_CXX_LANGUAGE_STANDARD = "gnu++14";
				CLANG_CXX_LIBRARY = "libc++";
				CLANG_ENABLE_MODULES = YES;
				CLANG_ENABLE_OBJC_ARC = YES;
				CLANG_ENABLE_OBJC_WEAK = YES;
				CLANG_WARN_BLOCK_CAPTURE_AUTORELEASING = YES;
				CLANG_WARN_BOOL_CONVERSION = YES;
				CLANG_WARN_COMMA = YES;
				CLANG_WARN_CONSTANT_CONVERSION = YES;
				CLANG_WARN_DEPRECATED_OBJC_IMPLEMENTATIONS = YES;
				CLANG_WARN_DIRECT_OBJC_ISA_USAGE = YES_ERROR;
				CLANG_WARN_DOCUMENTATION_COMMENTS = YES;
				CLANG_WARN_EMPTY_BODY = YES;
				CLANG_WARN_ENUM_CONVERSION = YES;
				CLANG_WARN_INFINITE_RECURSION = YES;
				CLANG_WARN_INT_CONVERSION = YES;
				CLANG_WARN_NON_LITERAL_NULL_CONVERSION = YES;
				CLANG_WARN_OBJC_IMPLICIT_RETAIN_SELF = YES;
				CLANG_WARN_OBJC_LITERAL_CONVERSION = YES;
				CLANG_WARN_OBJC_ROOT_CLASS = YES_ERROR;
				CLANG_WARN_QUOTED_INCLUDE_IN_FRAMEWORK_HEADER = YES;
				CLANG_WARN_RANGE_LOOP_ANALYSIS = YES;
				CLANG_WARN_STRICT_PROTOTYPES = YES;
				CLANG_WARN_SUSPICIOUS_MOVE = YES;
				CLANG_WARN_UNGUARDED_AVAILABILITY = YES_AGGRESSIVE;
				CLANG_WARN_UNREACHABLE_CODE = YES;
				CLANG_WARN__DUPLICATE_METHOD_MATCH = YES;
				COPY_PHASE_STRIP = NO;
				DEBUG_INFORMATION_FORMAT = dwarf;
				ENABLE_STRICT_OBJC_MSGSEND = YES;
				ENABLE_TESTABILITY = YES;
				GCC_C_LANGUAGE_STANDARD = gnu11;
				GCC_DYNAMIC_NO_PIC = NO;
				GCC_NO_COMMON_BLOCKS = YES;
				GCC_OPTIMIZATION_LEVEL = 0;
				GCC_PREPROCESSOR_DEFINITIONS = (
					"DEBUG=1",
					"$(inherited)",
				);
				GCC_WARN_64_TO_32_BIT_CONVERSION = YES;
				GCC_WARN_ABOUT_RETURN_TYPE = YES_ERROR;
				GCC_WARN_UNDECLARED_SELECTOR = YES;
				GCC_WARN_UNINITIALIZED_AUTOS = YES_AGGRESSIVE;
				GCC_WARN_UNUSED_FUNCTION = YES;
				GCC_WARN_UNUSED_VARIABLE = YES;
				IPHONEOS_DEPLOYMENT_TARGET = 14.5;
				MTL_ENABLE_DEBUG_INFO = INCLUDE_SOURCE;
				MTL_FAST_MATH = YES;
				ONLY_ACTIVE_ARCH = YES;
				SDKROOT = iphoneos;
				SWIFT_ACTIVE_COMPILATION_CONDITIONS = DEBUG;
				SWIFT_OPTIMIZATION_LEVEL = "-Onone";
			};
			name = Debug;
		};
		37DA676B26BAA27200EDB092 /* Release */ = {
			isa = XCBuildConfiguration;
			buildSettings = {
				ALWAYS_SEARCH_USER_PATHS = NO;
				CLANG_ANALYZER_NONNULL = YES;
				CLANG_ANALYZER_NUMBER_OBJECT_CONVERSION = YES_AGGRESSIVE;
				CLANG_CXX_LANGUAGE_STANDARD = "gnu++14";
				CLANG_CXX_LIBRARY = "libc++";
				CLANG_ENABLE_MODULES = YES;
				CLANG_ENABLE_OBJC_ARC = YES;
				CLANG_ENABLE_OBJC_WEAK = YES;
				CLANG_WARN_BLOCK_CAPTURE_AUTORELEASING = YES;
				CLANG_WARN_BOOL_CONVERSION = YES;
				CLANG_WARN_COMMA = YES;
				CLANG_WARN_CONSTANT_CONVERSION = YES;
				CLANG_WARN_DEPRECATED_OBJC_IMPLEMENTATIONS = YES;
				CLANG_WARN_DIRECT_OBJC_ISA_USAGE = YES_ERROR;
				CLANG_WARN_DOCUMENTATION_COMMENTS = YES;
				CLANG_WARN_EMPTY_BODY = YES;
				CLANG_WARN_ENUM_CONVERSION = YES;
				CLANG_WARN_INFINITE_RECURSION = YES;
				CLANG_WARN_INT_CONVERSION = YES;
				CLANG_WARN_NON_LITERAL_NULL_CONVERSION = YES;
				CLANG_WARN_OBJC_IMPLICIT_RETAIN_SELF = YES;
				CLANG_WARN_OBJC_LITERAL_CONVERSION = YES;
				CLANG_WARN_OBJC_ROOT_CLASS = YES_ERROR;
				CLANG_WARN_QUOTED_INCLUDE_IN_FRAMEWORK_HEADER = YES;
				CLANG_WARN_RANGE_LOOP_ANALYSIS = YES;
				CLANG_WARN_STRICT_PROTOTYPES = YES;
				CLANG_WARN_SUSPICIOUS_MOVE = YES;
				CLANG_WARN_UNGUARDED_AVAILABILITY = YES_AGGRESSIVE;
				CLANG_WARN_UNREACHABLE_CODE = YES;
				CLANG_WARN__DUPLICATE_METHOD_MATCH = YES;
				COPY_PHASE_STRIP = NO;
				DEBUG_INFORMATION_FORMAT = "dwarf-with-dsym";
				ENABLE_NS_ASSERTIONS = NO;
				ENABLE_STRICT_OBJC_MSGSEND = YES;
				GCC_C_LANGUAGE_STANDARD = gnu11;
				GCC_NO_COMMON_BLOCKS = YES;
				GCC_WARN_64_TO_32_BIT_CONVERSION = YES;
				GCC_WARN_ABOUT_RETURN_TYPE = YES_ERROR;
				GCC_WARN_UNDECLARED_SELECTOR = YES;
				GCC_WARN_UNINITIALIZED_AUTOS = YES_AGGRESSIVE;
				GCC_WARN_UNUSED_FUNCTION = YES;
				GCC_WARN_UNUSED_VARIABLE = YES;
				IPHONEOS_DEPLOYMENT_TARGET = 14.5;
				MTL_ENABLE_DEBUG_INFO = NO;
				MTL_FAST_MATH = YES;
				SDKROOT = iphoneos;
				SWIFT_COMPILATION_MODE = wholemodule;
				SWIFT_OPTIMIZATION_LEVEL = "-O";
				VALIDATE_PRODUCT = YES;
			};
			name = Release;
		};
		37DA676D26BAA27200EDB092 /* Debug */ = {
			isa = XCBuildConfiguration;
			buildSettings = {
				ASSETCATALOG_COMPILER_APPICON_NAME = AppIcon;
				ASSETCATALOG_COMPILER_GLOBAL_ACCENT_COLOR_NAME = AccentColor;
				CODE_SIGN_STYLE = Automatic;
				DEVELOPMENT_TEAM = M82FLD6C75;
				INFOPLIST_FILE = Todoey/Info.plist;
				LD_RUNPATH_SEARCH_PATHS = (
					"$(inherited)",
					"@executable_path/Frameworks",
				);
				PRODUCT_BUNDLE_IDENTIFIER = net.shotaroooe.Todoey;
				PRODUCT_NAME = "$(TARGET_NAME)";
				SWIFT_VERSION = 5.0;
				TARGETED_DEVICE_FAMILY = "1,2";
			};
			name = Debug;
		};
		37DA676E26BAA27200EDB092 /* Release */ = {
			isa = XCBuildConfiguration;
			buildSettings = {
				ASSETCATALOG_COMPILER_APPICON_NAME = AppIcon;
				ASSETCATALOG_COMPILER_GLOBAL_ACCENT_COLOR_NAME = AccentColor;
				CODE_SIGN_STYLE = Automatic;
				DEVELOPMENT_TEAM = M82FLD6C75;
				INFOPLIST_FILE = Todoey/Info.plist;
				LD_RUNPATH_SEARCH_PATHS = (
					"$(inherited)",
					"@executable_path/Frameworks",
				);
				PRODUCT_BUNDLE_IDENTIFIER = net.shotaroooe.Todoey;
				PRODUCT_NAME = "$(TARGET_NAME)";
				SWIFT_VERSION = 5.0;
				TARGETED_DEVICE_FAMILY = "1,2";
			};
			name = Release;
		};
		37DA677026BAA27200EDB092 /* Debug */ = {
			isa = XCBuildConfiguration;
			buildSettings = {
				ALWAYS_EMBED_SWIFT_STANDARD_LIBRARIES = YES;
				BUNDLE_LOADER = "$(TEST_HOST)";
				CODE_SIGN_STYLE = Automatic;
				DEVELOPMENT_TEAM = M82FLD6C75;
				INFOPLIST_FILE = TodoeyTests/Info.plist;
				IPHONEOS_DEPLOYMENT_TARGET = 14.5;
				LD_RUNPATH_SEARCH_PATHS = (
					"$(inherited)",
					"@executable_path/Frameworks",
					"@loader_path/Frameworks",
				);
				PRODUCT_BUNDLE_IDENTIFIER = net.shotaroooe.TodoeyTests;
				PRODUCT_NAME = "$(TARGET_NAME)";
				SWIFT_VERSION = 5.0;
				TARGETED_DEVICE_FAMILY = "1,2";
				TEST_HOST = "$(BUILT_PRODUCTS_DIR)/Todoey.app/Todoey";
			};
			name = Debug;
		};
		37DA677126BAA27200EDB092 /* Release */ = {
			isa = XCBuildConfiguration;
			buildSettings = {
				ALWAYS_EMBED_SWIFT_STANDARD_LIBRARIES = YES;
				BUNDLE_LOADER = "$(TEST_HOST)";
				CODE_SIGN_STYLE = Automatic;
				DEVELOPMENT_TEAM = M82FLD6C75;
				INFOPLIST_FILE = TodoeyTests/Info.plist;
				IPHONEOS_DEPLOYMENT_TARGET = 14.5;
				LD_RUNPATH_SEARCH_PATHS = (
					"$(inherited)",
					"@executable_path/Frameworks",
					"@loader_path/Frameworks",
				);
				PRODUCT_BUNDLE_IDENTIFIER = net.shotaroooe.TodoeyTests;
				PRODUCT_NAME = "$(TARGET_NAME)";
				SWIFT_VERSION = 5.0;
				TARGETED_DEVICE_FAMILY = "1,2";
				TEST_HOST = "$(BUILT_PRODUCTS_DIR)/Todoey.app/Todoey";
			};
			name = Release;
		};
		37DA677326BAA27200EDB092 /* Debug */ = {
			isa = XCBuildConfiguration;
			buildSettings = {
				ALWAYS_EMBED_SWIFT_STANDARD_LIBRARIES = YES;
				CODE_SIGN_STYLE = Automatic;
				DEVELOPMENT_TEAM = M82FLD6C75;
				INFOPLIST_FILE = TodoeyUITests/Info.plist;
				LD_RUNPATH_SEARCH_PATHS = (
					"$(inherited)",
					"@executable_path/Frameworks",
					"@loader_path/Frameworks",
				);
				PRODUCT_BUNDLE_IDENTIFIER = net.shotaroooe.TodoeyUITests;
				PRODUCT_NAME = "$(TARGET_NAME)";
				SWIFT_VERSION = 5.0;
				TARGETED_DEVICE_FAMILY = "1,2";
				TEST_TARGET_NAME = Todoey;
			};
			name = Debug;
		};
		37DA677426BAA27200EDB092 /* Release */ = {
			isa = XCBuildConfiguration;
			buildSettings = {
				ALWAYS_EMBED_SWIFT_STANDARD_LIBRARIES = YES;
				CODE_SIGN_STYLE = Automatic;
				DEVELOPMENT_TEAM = M82FLD6C75;
				INFOPLIST_FILE = TodoeyUITests/Info.plist;
				LD_RUNPATH_SEARCH_PATHS = (
					"$(inherited)",
					"@executable_path/Frameworks",
					"@loader_path/Frameworks",
				);
				PRODUCT_BUNDLE_IDENTIFIER = net.shotaroooe.TodoeyUITests;
				PRODUCT_NAME = "$(TARGET_NAME)";
				SWIFT_VERSION = 5.0;
				TARGETED_DEVICE_FAMILY = "1,2";
				TEST_TARGET_NAME = Todoey;
			};
			name = Release;
		};
/* End XCBuildConfiguration section */

/* Begin XCConfigurationList section */
		37DA673D26BAA26F00EDB092 /* Build configuration list for PBXProject "Todoey" */ = {
			isa = XCConfigurationList;
			buildConfigurations = (
				37DA676A26BAA27200EDB092 /* Debug */,
				37DA676B26BAA27200EDB092 /* Release */,
			);
			defaultConfigurationIsVisible = 0;
			defaultConfigurationName = Release;
		};
		37DA676C26BAA27200EDB092 /* Build configuration list for PBXNativeTarget "Todoey" */ = {
			isa = XCConfigurationList;
			buildConfigurations = (
				37DA676D26BAA27200EDB092 /* Debug */,
				37DA676E26BAA27200EDB092 /* Release */,
			);
			defaultConfigurationIsVisible = 0;
			defaultConfigurationName = Release;
		};
		37DA676F26BAA27200EDB092 /* Build configuration list for PBXNativeTarget "TodoeyTests" */ = {
			isa = XCConfigurationList;
			buildConfigurations = (
				37DA677026BAA27200EDB092 /* Debug */,
				37DA677126BAA27200EDB092 /* Release */,
			);
			defaultConfigurationIsVisible = 0;
			defaultConfigurationName = Release;
		};
		37DA677226BAA27200EDB092 /* Build configuration list for PBXNativeTarget "TodoeyUITests" */ = {
			isa = XCConfigurationList;
			buildConfigurations = (
				37DA677326BAA27200EDB092 /* Debug */,
				37DA677426BAA27200EDB092 /* Release */,
			);
			defaultConfigurationIsVisible = 0;
			defaultConfigurationName = Release;
		};
/* End XCConfigurationList section */

/* Begin XCVersionGroup section */
		37F1BA0D26C4F4B400A82945 /* DataModel.xcdatamodeld */ = {
			isa = XCVersionGroup;
			children = (
				37F1BA0E26C4F4B400A82945 /* DataModel.xcdatamodel */,
			);
			currentVersion = 37F1BA0E26C4F4B400A82945 /* DataModel.xcdatamodel */;
			path = DataModel.xcdatamodeld;
			sourceTree = "<group>";
			versionGroupType = wrapper.xcdatamodel;
		};
/* End XCVersionGroup section */
	};
	rootObject = 37DA673A26BAA26F00EDB092 /* Project object */;
}
